{
  "lockfileVersion": 1,
  "dependencies": {
    "asn1": {
      "version": "0.2.2",
      "resolved": "https://registry.npmjs.org/asn1/-/asn1-0.2.2.tgz",
      "integrity": "sha1-QI/Op9tqZo8RnDipwkT+yQBhp6w="
    },
    "assert-plus": {
      "version": "0.1.5",
      "resolved": "https://registry.npmjs.org/assert-plus/-/assert-plus-0.1.5.tgz",
      "integrity": "sha1-7nQAlBMALYTOxyGcasgRgS5yMWA="
    },
    "backoff": {
      "version": "2.4.1",
      "resolved": "https://registry.npmjs.org/backoff/-/backoff-2.4.1.tgz",
      "integrity": "sha1-L2jFDg3Xidvv4kIApi77BNJFbWg="
    },
    "balanced-match": {
      "version": "1.0.0",
      "resolved": "https://registry.npmjs.org/balanced-match/-/balanced-match-1.0.0.tgz",
      "integrity": "sha1-ibTRmasr7kneFk6gK4nORi1xt2c="
    },
    "brace-expansion": {
      "version": "1.1.11",
      "resolved": "https://registry.npmjs.org/brace-expansion/-/brace-expansion-1.1.11.tgz",
      "integrity": "sha512-iCuPHDFgrHX7H2vEI/5xpz07zSHB00TpugqhmYtVmMO6518mCuRMoOYFldEBl0g187ufozdaHgWKcYFb61qGiA=="
    },
    "bunyan": {
      "version": "1.3.3",
      "resolved": "https://registry.npmjs.org/bunyan/-/bunyan-1.3.3.tgz",
      "integrity": "sha1-v04wHB8L+IjsZ4gpUx97XSEunoE="
    },
    "concat-map": {
      "version": "0.0.1",
      "resolved": "https://registry.npmjs.org/concat-map/-/concat-map-0.0.1.tgz",
      "integrity": "sha1-2Klr13/Wjfd5OnMDajug1UBdR3s="
    },
    "dashdash": {
      "version": "1.7.3",
      "resolved": "https://registry.npmjs.org/dashdash/-/dashdash-1.7.3.tgz",
      "integrity": "sha1-v1M/7apFXtj+4RUZ6/ua1mFw3N8="
    },
    "dtrace-provider": {
      "version": "0.4.0",
      "resolved": "https://registry.npmjs.org/dtrace-provider/-/dtrace-provider-0.4.0.tgz",
      "integrity": "sha1-C2e8HMd+eb+IuHrSBmT0p1POPyY="
    },
    "extsprintf": {
      "version": "1.0.0",
      "resolved": "https://registry.npmjs.org/extsprintf/-/extsprintf-1.0.0.tgz",
      "integrity": "sha1-TVi4Fazlvr/E6/A8+YsKdgSpm4Y="
    },
    "glob": {
      "version": "6.0.4",
      "resolved": "https://registry.npmjs.org/glob/-/glob-6.0.4.tgz",
      "integrity": "sha1-DwiGD2oVUSey+t1PnOJLGqtuTSI="
    },
    "inflight": {
      "version": "1.0.6",
      "resolved": "https://registry.npmjs.org/inflight/-/inflight-1.0.6.tgz",
      "integrity": "sha1-Sb1jMdfQLQwJvJEKEHW6gWW1bfk="
    },
    "inherits": {
      "version": "2.0.3",
      "resolved": "https://registry.npmjs.org/inherits/-/inherits-2.0.3.tgz",
      "integrity": "sha1-Yzwsg+PaQqUC9SRmAiSA9CCCYd4="
    },
    "ldap": {
      "version": "0.7.1",
      "resolved": "https://registry.npmjs.org/ldap/-/ldap-0.7.1.tgz",
      "integrity": "sha1-MgFlzRBlB5YH2Dv79DCMtFznkbk="
    },
    "ldap-filter": {
      "version": "0.2.1",
      "resolved": "https://registry.npmjs.org/ldap-filter/-/ldap-filter-0.2.1.tgz",
      "integrity": "sha1-pswFYDY9IUS6g03ujgsyYrE3JCc="
    },
    "minimatch": {
      "version": "3.0.4",
      "resolved": "https://registry.npmjs.org/minimatch/-/minimatch-3.0.4.tgz",
      "integrity": "sha512-yJHVQEhyqPLUTgt9B83PXu6W3rx4MvvHvSUvToogpwoGDOUQ+yDrR0HRot+yOCdCO7u4hX3pWft6kWBBcqh0UA=="
    },
    "minimist": {
      "version": "0.0.8",
      "resolved": "https://registry.npmjs.org/minimist/-/minimist-0.0.8.tgz",
      "integrity": "sha1-hX/Kv8M5fSYluCKCYuhqp6ARsF0="
    },
    "mkdirp": {
      "version": "0.5.1",
      "resolved": "https://registry.npmjs.org/mkdirp/-/mkdirp-0.5.1.tgz",
      "integrity": "sha1-MAV0OOrGz3+MR2fzhkjWaX11yQM="
    },
    "mv": {
      "version": "2.1.1",
      "resolved": "https://registry.npmjs.org/mv/-/mv-2.1.1.tgz",
      "integrity": "sha1-rmzg1vbV4KT32JN5jQPB6pVZtqI="
    },
    "nan": {
      "version": "1.5.3",
      "resolved": "https://registry.npmjs.org/nan/-/nan-1.5.3.tgz",
      "integrity": "sha1-TNDswTO3sHAKSSpkat1CeuijGOs="
    },
    "ncp": {
      "version": "2.0.0",
      "resolved": "https://registry.npmjs.org/ncp/-/ncp-2.0.0.tgz",
      "integrity": "sha1-GVoh1sRuNh0vsSgbo4uR6d9727M="
    },
    "once": {
      "version": "1.3.1",
      "resolved": "https://registry.npmjs.org/once/-/once-1.3.1.tgz",
      "integrity": "sha1-8/Pk2lt9J7XHMpae4+Z+cpRXsx8="
    },
    "path-is-absolute": {
      "version": "1.0.1",
      "resolved": "https://registry.npmjs.org/path-is-absolute/-/path-is-absolute-1.0.1.tgz",
      "integrity": "sha1-F0uSaHNVNP+8es5r9TpanhtcX18="
    },
    "precond": {
      "version": "0.2.3",
      "resolved": "https://registry.npmjs.org/precond/-/precond-0.2.3.tgz",
      "integrity": "sha1-qpWRvKokkj8eD0hJ0kD0fvwQdaw="
    },
    "rimraf": {
      "version": "2.4.5",
      "resolved": "https://registry.npmjs.org/rimraf/-/rimraf-2.4.5.tgz",
      "integrity": "sha1-7nEM5dk6j9uFb7Xqj/Di11k0sto="
    },
    "safe-json-stringify": {
      "version": "1.1.0",
      "resolved": "https://registry.npmjs.org/safe-json-stringify/-/safe-json-stringify-1.1.0.tgz",
      "integrity": "sha512-EzBtUaFH9bHYPc69wqjp0efJI/DPNHdFbGE3uIMn4sVbO0zx8vZ8cG4WKxQfOpUOKsQyGBiT2mTqnCw+6nLswA=="
    },
    "vasync": {
      "version": "1.6.2",
      "resolved": "https://registry.npmjs.org/vasync/-/vasync-1.6.2.tgz",
      "integrity": "sha1-Vo7c9AsrXDWxzASMrQhd5HOXA/s=",
      "dependencies": {
        "verror": {
          "version": "1.1.0",
          "resolved": "https://registry.npmjs.org/verror/-/verror-1.1.0.tgz",
          "integrity": "sha1-KktOsUogcFHnWm+U7lExW/FzobA="
        }
      }
    },
    "verror": {
      "version": "1.6.0",
      "resolved": "https://registry.npmjs.org/verror/-/verror-1.6.0.tgz",
      "integrity": "sha1-fROyex+swuLakEBetepuW90lLqU=",
      "dependencies": {
        "extsprintf": {
          "version": "1.2.0",
          "resolved": "https://registry.npmjs.org/extsprintf/-/extsprintf-1.2.0.tgz",
          "integrity": "sha1-WtlGwi9bMrp/jNdCZxHG6KP8JSk="
        }
      }
    },
    "wrappy": {
      "version": "1.0.2",
      "resolved": "https://registry.npmjs.org/wrappy/-/wrappy-1.0.2.tgz",
      "integrity": "sha1-tSQ9jz7BqjXxNkYFvA0QNuMKtp8="
    }
  }
}
